
Microsoft Visual Studio Solution File, Format Version 12.00
# Visual Studio 14
VisualStudioVersion = 14.0.25420.1
MinimumVisualStudioVersion = 10.0.40219.1
Project("{FAE04EC0-301F-11D3-BF4B-00C04F79EFBC}") = "AppPress", "AppPress.csproj", "{C6D7288A-16D5-453C-9137-0DA381EEE59B}"
EndProject
Project("{FAE04EC0-301F-11D3-BF4B-00C04F79EFBC}") = "AppPressDemo", "..\AppPressDemo\AppPressDemo.csproj", "{86FACE70-C2F9-477D-A3D2-13C3C46C6C56}"
EndProject
Global
	GlobalSection(SolutionConfigurationPlatforms) = preSolution
		Debug|Any CPU = Debug|Any CPU
		Release|Any CPU = Release|Any CPU
	EndGlobalSection
	GlobalSection(ProjectConfigurationPlatforms) = postSolution
		{C6D7288A-16D5-453C-9137-0DA381EEE59B}.Debug|Any CPU.ActiveCfg = Debug|Any CPU
		{C6D7288A-16D5-453C-9137-0DA381EEE59B}.Debug|Any CPU.Build.0 = Debug|Any CPU
		{C6D7288A-16D5-453C-9137-0DA381EEE59B}.Release|Any CPU.ActiveCfg = Release|Any CPU
		{C6D7288A-16D5-453C-9137-0DA381EEE59B}.Release|Any CPU.Build.0 = Release|Any CPU
		{86FACE70-C2F9-477D-A3D2-13C3C46C6C56}.Debug|Any CPU.ActiveCfg = Debug|Any CPU
		{86FACE70-C2F9-477D-A3D2-13C3C46C6C56}.Debug|Any CPU.Build.0 = Debug|Any CPU
		{86FACE70-C2F9-477D-A3D2-13C3C46C6C56}.Release|Any CPU.ActiveCfg = Release|Any CPU
		{86FACE70-C2F9-477D-A3D2-13C3C46C6C56}.Release|Any CPU.Build.0 = Release|Any CPU
	EndGlobalSection
	GlobalSection(SolutionProperties) = preSolution
		HideSolutionNode = FALSE
	EndGlobalSection
EndGlobal
